
Microsoft Visual Studio Solution File, Format Version 12.00
# Visual Studio 15
VisualStudioVersion = 15.0.28010.2003
MinimumVisualStudioVersion = 10.0.40219.1
Project("{FAE04EC0-301F-11D3-BF4B-00C04F79EFBC}") = "EjerciciodelLibroCShar", "EjerciciodelLibroCShar\EjerciciodelLibroCShar.csproj", "{CBFEAC24-D419-4CB5-AD25-1A26583BA0D9}"
EndProject
Global
	GlobalSection(SolutionConfigurationPlatforms) = preSolution
		Debug|Any CPU = Debug|Any CPU
		Release|Any CPU = Release|Any CPU
	EndGlobalSection
	GlobalSection(ProjectConfigurationPlatforms) = postSolution
		{CBFEAC24-D419-4CB5-AD25-1A26583BA0D9}.Debug|Any CPU.ActiveCfg = Debug|Any CPU
		{CBFEAC24-D419-4CB5-AD25-1A26583BA0D9}.Debug|Any CPU.Build.0 = Debug|Any CPU
		{CBFEAC24-D419-4CB5-AD25-1A26583BA0D9}.Release|Any CPU.ActiveCfg = Release|Any CPU
		{CBFEAC24-D419-4CB5-AD25-1A26583BA0D9}.Release|Any CPU.Build.0 = Release|Any CPU
	EndGlobalSection
	GlobalSection(SolutionProperties) = preSolution
		HideSolutionNode = FALSE
	EndGlobalSection
	GlobalSection(ExtensibilityGlobals) = postSolution
		SolutionGuid = {FFCDE252-14C0-4B7B-990F-DAE5C37EFBDA}
	EndGlobalSection
EndGlobal
